
Microsoft Visual Studio Solution File, Format Version 12.00
# Visual Studio Version 17
VisualStudioVersion = 17.5.33627.172
MinimumVisualStudioVersion = 10.0.40219.1
Project("{FAE04EC0-301F-11D3-BF4B-00C04F79EFBC}") = "BNI", "BNI\BNI.csproj", "{528C4C29-522D-4C76-B47A-1903109B2D55}"
EndProject
Global
	GlobalSection(SolutionConfigurationPlatforms) = preSolution
		Debug|Any CPU = Debug|Any CPU
		Release|Any CPU = Release|Any CPU
	EndGlobalSection
	GlobalSection(ProjectConfigurationPlatforms) = postSolution
		{528C4C29-522D-4C76-B47A-1903109B2D55}.Debug|Any CPU.ActiveCfg = Debug|Any CPU
		{528C4C29-522D-4C76-B47A-1903109B2D55}.Debug|Any CPU.Build.0 = Debug|Any CPU
		{528C4C29-522D-4C76-B47A-1903109B2D55}.Release|Any CPU.ActiveCfg = Release|Any CPU
		{528C4C29-522D-4C76-B47A-1903109B2D55}.Release|Any CPU.Build.0 = Release|Any CPU
	EndGlobalSection
	GlobalSection(SolutionProperties) = preSolution
		HideSolutionNode = FALSE
	EndGlobalSection
	GlobalSection(ExtensibilityGlobals) = postSolution
		SolutionGuid = {BDEC16F3-467E-41B9-9875-C38E56DC8353}
	EndGlobalSection
EndGlobal
